
Microsoft Visual Studio Solution File, Format Version 12.00
# Visual Studio 2012
Project("{FAE04EC0-301F-11D3-BF4B-00C04F79EFBC}") = "LectureApp", "LectureApp\LectureApp.csproj", "{140FA869-A2EB-4B17-A645-B3F629845C47}"
EndProject
Global
	GlobalSection(SolutionConfigurationPlatforms) = preSolution
		Debug|Any CPU = Debug|Any CPU
		Release|Any CPU = Release|Any CPU
	EndGlobalSection
	GlobalSection(ProjectConfigurationPlatforms) = postSolution
		{140FA869-A2EB-4B17-A645-B3F629845C47}.Debug|Any CPU.ActiveCfg = Debug|Any CPU
		{140FA869-A2EB-4B17-A645-B3F629845C47}.Debug|Any CPU.Build.0 = Debug|Any CPU
		{140FA869-A2EB-4B17-A645-B3F629845C47}.Release|Any CPU.ActiveCfg = Release|Any CPU
		{140FA869-A2EB-4B17-A645-B3F629845C47}.Release|Any CPU.Build.0 = Release|Any CPU
	EndGlobalSection
	GlobalSection(SolutionProperties) = preSolution
		HideSolutionNode = FALSE
	EndGlobalSection
EndGlobal
